
Microsoft Visual Studio Solution File, Format Version 12.00
Project("{FAE04EC0-301F-11D3-BF4B-00C04F79EFBC}") = "cn-0221", "cn-0221\cn-0221.csproj", "{80105805-C505-4A25-BAE2-1F8AC43D53E7}"
EndProject
Project("{FAE04EC0-301F-11D3-BF4B-00C04F79EFBC}") = "int-0221", "int-0221\int-0221.csproj", "{9CCC88EF-7FA3-4406-B41B-EAC86AEF8760}"
EndProject
Project("{FAE04EC0-301F-11D3-BF4B-00C04F79EFBC}") = "int-0222", "int-0222\int-0222.csproj", "{70C4BB01-2740-48F5-911A-FEB254C1AAD5}"
EndProject
Global
	GlobalSection(SolutionConfigurationPlatforms) = preSolution
		Debug|Any CPU = Debug|Any CPU
		Release|Any CPU = Release|Any CPU
	EndGlobalSection
	GlobalSection(ProjectConfigurationPlatforms) = postSolution
		{80105805-C505-4A25-BAE2-1F8AC43D53E7}.Debug|Any CPU.ActiveCfg = Debug|Any CPU
		{80105805-C505-4A25-BAE2-1F8AC43D53E7}.Debug|Any CPU.Build.0 = Debug|Any CPU
		{80105805-C505-4A25-BAE2-1F8AC43D53E7}.Release|Any CPU.ActiveCfg = Release|Any CPU
		{80105805-C505-4A25-BAE2-1F8AC43D53E7}.Release|Any CPU.Build.0 = Release|Any CPU
		{9CCC88EF-7FA3-4406-B41B-EAC86AEF8760}.Debug|Any CPU.ActiveCfg = Debug|Any CPU
		{9CCC88EF-7FA3-4406-B41B-EAC86AEF8760}.Debug|Any CPU.Build.0 = Debug|Any CPU
		{9CCC88EF-7FA3-4406-B41B-EAC86AEF8760}.Release|Any CPU.ActiveCfg = Release|Any CPU
		{9CCC88EF-7FA3-4406-B41B-EAC86AEF8760}.Release|Any CPU.Build.0 = Release|Any CPU
		{70C4BB01-2740-48F5-911A-FEB254C1AAD5}.Debug|Any CPU.ActiveCfg = Debug|Any CPU
		{70C4BB01-2740-48F5-911A-FEB254C1AAD5}.Debug|Any CPU.Build.0 = Debug|Any CPU
		{70C4BB01-2740-48F5-911A-FEB254C1AAD5}.Release|Any CPU.ActiveCfg = Release|Any CPU
		{70C4BB01-2740-48F5-911A-FEB254C1AAD5}.Release|Any CPU.Build.0 = Release|Any CPU
	EndGlobalSection
EndGlobal
